
Microsoft Visual Studio Solution File, Format Version 12.00
# Visual Studio Version 17
VisualStudioVersion = 17.10.35013.160
MinimumVisualStudioVersion = 10.0.40219.1
Project("{9A19103F-16F7-4668-BE54-9A1E7A4F7556}") = "Assignment_02", "Assignment_02.csproj", "{88F81687-D79E-45F3-B8EE-15D738826414}"
EndProject
Global
	GlobalSection(SolutionConfigurationPlatforms) = preSolution
		Debug|Any CPU = Debug|Any CPU
		Release|Any CPU = Release|Any CPU
	EndGlobalSection
	GlobalSection(ProjectConfigurationPlatforms) = postSolution
		{88F81687-D79E-45F3-B8EE-15D738826414}.Debug|Any CPU.ActiveCfg = Debug|Any CPU
		{88F81687-D79E-45F3-B8EE-15D738826414}.Debug|Any CPU.Build.0 = Debug|Any CPU
		{88F81687-D79E-45F3-B8EE-15D738826414}.Release|Any CPU.ActiveCfg = Release|Any CPU
		{88F81687-D79E-45F3-B8EE-15D738826414}.Release|Any CPU.Build.0 = Release|Any CPU
	EndGlobalSection
	GlobalSection(SolutionProperties) = preSolution
		HideSolutionNode = FALSE
	EndGlobalSection
	GlobalSection(ExtensibilityGlobals) = postSolution
		SolutionGuid = {940688B0-908D-4953-BA3B-C20612B3DE3E}
	EndGlobalSection
EndGlobal
